
Microsoft Visual Studio Solution File, Format Version 12.00
# Visual Studio 15
VisualStudioVersion = 15.0.28307.645
MinimumVisualStudioVersion = 10.0.40219.1
Project("{FAE04EC0-301F-11D3-BF4B-00C04F79EFBC}") = "w3serv", "w3serv\w3serv.csproj", "{BE1B9F3F-874E-46EE-A797-B9D0120ADDC4}"
EndProject
Project("{9A19103F-16F7-4668-BE54-9A1E7A4F7556}") = "TinyWeb", "..\TinyWeb\TinyWeb\TinyWeb.csproj", "{87AEEEAA-2988-4137-B3AA-08A1B536B60F}"
EndProject
Project("{FAE04EC0-301F-11D3-BF4B-00C04F79EFBC}") = "TinyWebDemo", "..\TinyWeb\TinyWebDemo\TinyWebDemo.csproj", "{DE20898B-634A-43E9-9EC0-1471BBA59A5A}"
EndProject
Global
	GlobalSection(SolutionConfigurationPlatforms) = preSolution
		Debug|Any CPU = Debug|Any CPU
		Release|Any CPU = Release|Any CPU
	EndGlobalSection
	GlobalSection(ProjectConfigurationPlatforms) = postSolution
		{BE1B9F3F-874E-46EE-A797-B9D0120ADDC4}.Debug|Any CPU.ActiveCfg = Debug|Any CPU
		{BE1B9F3F-874E-46EE-A797-B9D0120ADDC4}.Debug|Any CPU.Build.0 = Debug|Any CPU
		{BE1B9F3F-874E-46EE-A797-B9D0120ADDC4}.Release|Any CPU.ActiveCfg = Release|Any CPU
		{BE1B9F3F-874E-46EE-A797-B9D0120ADDC4}.Release|Any CPU.Build.0 = Release|Any CPU
		{87AEEEAA-2988-4137-B3AA-08A1B536B60F}.Debug|Any CPU.ActiveCfg = Debug|Any CPU
		{87AEEEAA-2988-4137-B3AA-08A1B536B60F}.Debug|Any CPU.Build.0 = Debug|Any CPU
		{87AEEEAA-2988-4137-B3AA-08A1B536B60F}.Release|Any CPU.ActiveCfg = Release|Any CPU
		{87AEEEAA-2988-4137-B3AA-08A1B536B60F}.Release|Any CPU.Build.0 = Release|Any CPU
		{DE20898B-634A-43E9-9EC0-1471BBA59A5A}.Debug|Any CPU.ActiveCfg = Debug|Any CPU
		{DE20898B-634A-43E9-9EC0-1471BBA59A5A}.Debug|Any CPU.Build.0 = Debug|Any CPU
		{DE20898B-634A-43E9-9EC0-1471BBA59A5A}.Release|Any CPU.ActiveCfg = Release|Any CPU
		{DE20898B-634A-43E9-9EC0-1471BBA59A5A}.Release|Any CPU.Build.0 = Release|Any CPU
	EndGlobalSection
	GlobalSection(SolutionProperties) = preSolution
		HideSolutionNode = FALSE
	EndGlobalSection
	GlobalSection(ExtensibilityGlobals) = postSolution
		SolutionGuid = {B314C3E5-124F-4FBE-B9D5-101A34818A27}
	EndGlobalSection
EndGlobal
